
Microsoft Visual Studio Solution File, Format Version 12.00
# Visual Studio Version 17
VisualStudioVersion = 17.14.36429.23 d17.14
MinimumVisualStudioVersion = 10.0.40219.1
Project("{FAE04EC0-301F-11D3-BF4B-00C04F79EFBC}") = "FacturacionElectronicaSV", "FacturacionElectronicaSV.csproj", "{6F9F219A-977A-4F29-A030-32E43CF53E7B}"
EndProject
Global
	GlobalSection(SolutionConfigurationPlatforms) = preSolution
		Debug|Any CPU = Debug|Any CPU
		Release|Any CPU = Release|Any CPU
	EndGlobalSection
	GlobalSection(ProjectConfigurationPlatforms) = postSolution
		{6F9F219A-977A-4F29-A030-32E43CF53E7B}.Debug|Any CPU.ActiveCfg = Debug|Any CPU
		{6F9F219A-977A-4F29-A030-32E43CF53E7B}.Debug|Any CPU.Build.0 = Debug|Any CPU
		{6F9F219A-977A-4F29-A030-32E43CF53E7B}.Release|Any CPU.ActiveCfg = Release|Any CPU
		{6F9F219A-977A-4F29-A030-32E43CF53E7B}.Release|Any CPU.Build.0 = Release|Any CPU
	EndGlobalSection
	GlobalSection(SolutionProperties) = preSolution
		HideSolutionNode = FALSE
	EndGlobalSection
	GlobalSection(ExtensibilityGlobals) = postSolution
		SolutionGuid = {8FC9EB75-3FC2-479D-B87F-C0ED43ACB94B}
	EndGlobalSection
EndGlobal
